
Microsoft Visual Studio Solution File, Format Version 12.00
# Visual Studio Version 16
VisualStudioVersion = 16.0.30907.101
MinimumVisualStudioVersion = 10.0.40219.1
Project("{2150E333-8FDC-42A3-9474-1A3956D46DE8}") = "Platforms", "Platforms", "{B8364776-3F7B-4943-B86A-4B328C8D38CC}"
EndProject
Project("{FAE04EC0-301F-11D3-BF4B-00C04F79EFBC}") = "LiveSplitX.Droid", "LiveSplitX\LiveSplitX.Droid\LiveSplitX.Droid.csproj", "{0CA0B7F2-7CDD-4694-99C5-60A8FC3FF371}"
EndProject
Project("{FAE04EC0-301F-11D3-BF4B-00C04F79EFBC}") = "LiveSplitX.iOS", "LiveSplitX\LiveSplitX.iOS\LiveSplitX.iOS.csproj", "{F7F76591-40C0-4F46-8069-97E9B02E225A}"
EndProject
Project("{FAE04EC0-301F-11D3-BF4B-00C04F79EFBC}") = "LiveSplitX.UWP", "LiveSplitX\LiveSplitX.UWP\LiveSplitX.UWP.csproj", "{6BEE7214-A4B8-44A5-B46C-6325C0269349}"
EndProject
Project("{9A19103F-16F7-4668-BE54-9A1E7A4F7556}") = "LiveSplitX.Wasm", "LiveSplitX\LiveSplitX.Wasm\LiveSplitX.Wasm.csproj", "{8C564951-D054-4C3A-A832-27ACF919691F}"
EndProject
Project("{FAE04EC0-301F-11D3-BF4B-00C04F79EFBC}") = "LiveSplitX.macOS", "LiveSplitX\LiveSplitX.macOS\LiveSplitX.macOS.csproj", "{9403F1A6-47B5-4AE1-93DA-FCD7D560DE61}"
EndProject
Project("{9A19103F-16F7-4668-BE54-9A1E7A4F7556}") = "LiveSplitX.Skia.Wpf.Host", "LiveSplitX\LiveSplitX.Skia.Wpf.Host\LiveSplitX.Skia.Wpf.Host.csproj", "{E8880266-D550-4004-AF21-6E60D4AEA6DC}"
EndProject
Project("{9A19103F-16F7-4668-BE54-9A1E7A4F7556}") = "LiveSplitX.Skia.Wpf", "LiveSplitX\LiveSplitX.Skia.Wpf\LiveSplitX.Skia.Wpf.csproj", "{39A5135D-6462-496A-A85F-E5D8218F9F87}"
EndProject
Project("{9A19103F-16F7-4668-BE54-9A1E7A4F7556}") = "LiveSplitX.Skia.Gtk", "LiveSplitX\LiveSplitX.Skia.Gtk\LiveSplitX.Skia.Gtk.csproj", "{DE6AB8F6-D265-4FBA-9460-31C8E3DD8B25}"
EndProject
Project("{9A19103F-16F7-4668-BE54-9A1E7A4F7556}") = "LiveSplitX.Skia.Tizen", "LiveSplitX\LiveSplitX.Skia.Tizen\LiveSplitX.Skia.Tizen.csproj", "{413D11EF-636D-445A-A0BF-B916CA255706}"
EndProject
Project("{D954291E-2A0B-460D-934E-DC6B0785DB48}") = "LiveSplitX.Shared", "LiveSplitX\LiveSplitX.Shared\LiveSplitX.Shared.shproj", "{6279C845-92F8-4333-AB99-3D213163593C}"
EndProject
Global
	GlobalSection(SharedMSBuildProjectFiles) = preSolution
		LiveSplitX\LiveSplitX.Shared\LiveSplitX.Shared.projitems*{0ca0b7f2-7cdd-4694-99c5-60a8fc3ff371}*SharedItemsImports = 4
		LiveSplitX\LiveSplitX.Shared\LiveSplitX.Shared.projitems*{39a5135d-6462-496a-a85f-e5d8218f9f87}*SharedItemsImports = 5
		LiveSplitX\LiveSplitX.Shared\LiveSplitX.Shared.projitems*{413d11ef-636d-445a-a0bf-b916ca255706}*SharedItemsImports = 5
		LiveSplitX\LiveSplitX.Shared\LiveSplitX.Shared.projitems*{6279c845-92f8-4333-ab99-3d213163593c}*SharedItemsImports = 13
		LiveSplitX\LiveSplitX.Shared\LiveSplitX.Shared.projitems*{6bee7214-a4b8-44a5-b46c-6325c0269349}*SharedItemsImports = 4
		LiveSplitX\LiveSplitX.Shared\LiveSplitX.Shared.projitems*{8c564951-d054-4c3a-a832-27acf919691f}*SharedItemsImports = 5
		LiveSplitX\LiveSplitX.Shared\LiveSplitX.Shared.projitems*{9403f1a6-47b5-4ae1-93da-fcd7d560de61}*SharedItemsImports = 4
		LiveSplitX\LiveSplitX.Shared\LiveSplitX.Shared.projitems*{de6ab8f6-d265-4fba-9460-31c8e3dd8b25}*SharedItemsImports = 5
		LiveSplitX\LiveSplitX.Shared\LiveSplitX.Shared.projitems*{f7f76591-40c0-4f46-8069-97e9b02e225a}*SharedItemsImports = 4
	EndGlobalSection
	GlobalSection(SolutionConfigurationPlatforms) = preSolution
		Ad-Hoc|Any CPU = Ad-Hoc|Any CPU
		Ad-Hoc|ARM = Ad-Hoc|ARM
		Ad-Hoc|ARM64 = Ad-Hoc|ARM64
		Ad-Hoc|iPhone = Ad-Hoc|iPhone
		Ad-Hoc|iPhoneSimulator = Ad-Hoc|iPhoneSimulator
		Ad-Hoc|x64 = Ad-Hoc|x64
		Ad-Hoc|x86 = Ad-Hoc|x86
		AppStore|Any CPU = AppStore|Any CPU
		AppStore|ARM = AppStore|ARM
		AppStore|ARM64 = AppStore|ARM64
		AppStore|iPhone = AppStore|iPhone
		AppStore|iPhoneSimulator = AppStore|iPhoneSimulator
		AppStore|x64 = AppStore|x64
		AppStore|x86 = AppStore|x86
		Debug|Any CPU = Debug|Any CPU
		Debug|ARM = Debug|ARM
		Debug|ARM64 = Debug|ARM64
		Debug|iPhone = Debug|iPhone
		Debug|iPhoneSimulator = Debug|iPhoneSimulator
		Debug|x64 = Debug|x64
		Debug|x86 = Debug|x86
		Release|Any CPU = Release|Any CPU
		Release|ARM = Release|ARM
		Release|ARM64 = Release|ARM64
		Release|iPhone = Release|iPhone
		Release|iPhoneSimulator = Release|iPhoneSimulator
		Release|x64 = Release|x64
		Release|x86 = Release|x86
	EndGlobalSection
	GlobalSection(ProjectConfigurationPlatforms) = postSolution
		{0CA0B7F2-7CDD-4694-99C5-60A8FC3FF371}.Ad-Hoc|Any CPU.ActiveCfg = Debug|Any CPU
		{0CA0B7F2-7CDD-4694-99C5-60A8FC3FF371}.Ad-Hoc|Any CPU.Build.0 = Debug|Any CPU
		{0CA0B7F2-7CDD-4694-99C5-60A8FC3FF371}.Ad-Hoc|Any CPU.Deploy.0 = Debug|Any CPU
		{0CA0B7F2-7CDD-4694-99C5-60A8FC3FF371}.Ad-Hoc|ARM.ActiveCfg = Debug|Any CPU
		{0CA0B7F2-7CDD-4694-99C5-60A8FC3FF371}.Ad-Hoc|ARM.Build.0 = Debug|Any CPU
		{0CA0B7F2-7CDD-4694-99C5-60A8FC3FF371}.Ad-Hoc|ARM.Deploy.0 = Debug|Any CPU
		{0CA0B7F2-7CDD-4694-99C5-60A8FC3FF371}.Ad-Hoc|ARM64.ActiveCfg = Debug|Any CPU
		{0CA0B7F2-7CDD-4694-99C5-60A8FC3FF371}.Ad-Hoc|ARM64.Build.0 = Debug|Any CPU
		{0CA0B7F2-7CDD-4694-99C5-60A8FC3FF371}.Ad-Hoc|ARM64.Deploy.0 = Debug|Any CPU
		{0CA0B7F2-7CDD-4694-99C5-60A8FC3FF371}.Ad-Hoc|iPhone.ActiveCfg = Debug|Any CPU
		{0CA0B7F2-7CDD-4694-99C5-60A8FC3FF371}.Ad-Hoc|iPhone.Build.0 = Debug|Any CPU
		{0CA0B7F2-7CDD-4694-99C5-60A8FC3FF371}.Ad-Hoc|iPhone.Deploy.0 = Debug|Any CPU
		{0CA0B7F2-7CDD-4694-99C5-60A8FC3FF371}.Ad-Hoc|iPhoneSimulator.ActiveCfg = Debug|Any CPU
		{0CA0B7F2-7CDD-4694-99C5-60A8FC3FF371}.Ad-Hoc|iPhoneSimulator.Build.0 = Debug|Any CPU
		{0CA0B7F2-7CDD-4694-99C5-60A8FC3FF371}.Ad-Hoc|iPhoneSimulator.Deploy.0 = Debug|Any CPU
		{0CA0B7F2-7CDD-4694-99C5-60A8FC3FF371}.Ad-Hoc|x64.ActiveCfg = Debug|Any CPU
		{0CA0B7F2-7CDD-4694-99C5-60A8FC3FF371}.Ad-Hoc|x64.Build.0 = Debug|Any CPU
		{0CA0B7F2-7CDD-4694-99C5-60A8FC3FF371}.Ad-Hoc|x64.Deploy.0 = Debug|Any CPU
		{0CA0B7F2-7CDD-4694-99C5-60A8FC3FF371}.Ad-Hoc|x86.ActiveCfg = Debug|Any CPU
		{0CA0B7F2-7CDD-4694-99C5-60A8FC3FF371}.Ad-Hoc|x86.Build.0 = Debug|Any CPU
		{0CA0B7F2-7CDD-4694-99C5-60A8FC3FF371}.Ad-Hoc|x86.Deploy.0 = Debug|Any CPU
		{0CA0B7F2-7CDD-4694-99C5-60A8FC3FF371}.AppStore|Any CPU.ActiveCfg = Debug|Any CPU
		{0CA0B7F2-7CDD-4694-99C5-60A8FC3FF371}.AppStore|Any CPU.Build.0 = Debug|Any CPU
		{0CA0B7F2-7CDD-4694-99C5-60A8FC3FF371}.AppStore|Any CPU.Deploy.0 = Debug|Any CPU
		{0CA0B7F2-7CDD-4694-99C5-60A8FC3FF371}.AppStore|ARM.ActiveCfg = Debug|Any CPU
		{0CA0B7F2-7CDD-4694-99C5-60A8FC3FF371}.AppStore|ARM.Build.0 = Debug|Any CPU
		{0CA0B7F2-7CDD-4694-99C5-60A8FC3FF371}.AppStore|ARM.Deploy.0 = Debug|Any CPU
		{0CA0B7F2-7CDD-4694-99C5-60A8FC3FF371}.AppStore|ARM64.ActiveCfg = Debug|Any CPU
		{0CA0B7F2-7CDD-4694-99C5-60A8FC3FF371}.AppStore|ARM64.Build.0 = Debug|Any CPU
		{0CA0B7F2-7CDD-4694-99C5-60A8FC3FF371}.AppStore|ARM64.Deploy.0 = Debug|Any CPU
		{0CA0B7F2-7CDD-4694-99C5-60A8FC3FF371}.AppStore|iPhone.ActiveCfg = Debug|Any CPU
		{0CA0B7F2-7CDD-4694-99C5-60A8FC3FF371}.AppStore|iPhone.Build.0 = Debug|Any CPU
		{0CA0B7F2-7CDD-4694-99C5-60A8FC3FF371}.AppStore|iPhone.Deploy.0 = Debug|Any CPU
		{0CA0B7F2-7CDD-4694-99C5-60A8FC3FF371}.AppStore|iPhoneSimulator.ActiveCfg = Debug|Any CPU
		{0CA0B7F2-7CDD-4694-99C5-60A8FC3FF371}.AppStore|iPhoneSimulator.Build.0 = Debug|Any CPU
		{0CA0B7F2-7CDD-4694-99C5-60A8FC3FF371}.AppStore|iPhoneSimulator.Deploy.0 = Debug|Any CPU
		{0CA0B7F2-7CDD-4694-99C5-60A8FC3FF371}.AppStore|x64.ActiveCfg = Debug|Any CPU
		{0CA0B7F2-7CDD-4694-99C5-60A8FC3FF371}.AppStore|x64.Build.0 = Debug|Any CPU
		{0CA0B7F2-7CDD-4694-99C5-60A8FC3FF371}.AppStore|x64.Deploy.0 = Debug|Any CPU
		{0CA0B7F2-7CDD-4694-99C5-60A8FC3FF371}.AppStore|x86.ActiveCfg = Debug|Any CPU
		{0CA0B7F2-7CDD-4694-99C5-60A8FC3FF371}.AppStore|x86.Build.0 = Debug|Any CPU
		{0CA0B7F2-7CDD-4694-99C5-60A8FC3FF371}.AppStore|x86.Deploy.0 = Debug|Any CPU
		{0CA0B7F2-7CDD-4694-99C5-60A8FC3FF371}.Debug|Any CPU.ActiveCfg = Debug|Any CPU
		{0CA0B7F2-7CDD-4694-99C5-60A8FC3FF371}.Debug|Any CPU.Build.0 = Debug|Any CPU
		{0CA0B7F2-7CDD-4694-99C5-60A8FC3FF371}.Debug|Any CPU.Deploy.0 = Debug|Any CPU
		{0CA0B7F2-7CDD-4694-99C5-60A8FC3FF371}.Debug|ARM.ActiveCfg = Debug|Any CPU
		{0CA0B7F2-7CDD-4694-99C5-60A8FC3FF371}.Debug|ARM.Build.0 = Debug|Any CPU
		{0CA0B7F2-7CDD-4694-99C5-60A8FC3FF371}.Debug|ARM.Deploy.0 = Debug|Any CPU
		{0CA0B7F2-7CDD-4694-99C5-60A8FC3FF371}.Debug|ARM64.ActiveCfg = Debug|Any CPU
		{0CA0B7F2-7CDD-4694-99C5-60A8FC3FF371}.Debug|ARM64.Build.0 = Debug|Any CPU
		{0CA0B7F2-7CDD-4694-99C5-60A8FC3FF371}.Debug|ARM64.Deploy.0 = Debug|Any CPU
		{0CA0B7F2-7CDD-4694-99C5-60A8FC3FF371}.Debug|iPhone.ActiveCfg = Debug|Any CPU
		{0CA0B7F2-7CDD-4694-99C5-60A8FC3FF371}.Debug|iPhone.Build.0 = Debug|Any CPU
		{0CA0B7F2-7CDD-4694-99C5-60A8FC3FF371}.Debug|iPhone.Deploy.0 = Debug|Any CPU
		{0CA0B7F2-7CDD-4694-99C5-60A8FC3FF371}.Debug|iPhoneSimulator.ActiveCfg = Debug|Any CPU
		{0CA0B7F2-7CDD-4694-99C5-60A8FC3FF371}.Debug|iPhoneSimulator.Build.0 = Debug|Any CPU
		{0CA0B7F2-7CDD-4694-99C5-60A8FC3FF371}.Debug|iPhoneSimulator.Deploy.0 = Debug|Any CPU
		{0CA0B7F2-7CDD-4694-99C5-60A8FC3FF371}.Debug|x64.ActiveCfg = Debug|Any CPU
		{0CA0B7F2-7CDD-4694-99C5-60A8FC3FF371}.Debug|x64.Build.0 = Debug|Any CPU
		{0CA0B7F2-7CDD-4694-99C5-60A8FC3FF371}.Debug|x64.Deploy.0 = Debug|Any CPU
		{0CA0B7F2-7CDD-4694-99C5-60A8FC3FF371}.Debug|x86.ActiveCfg = Debug|Any CPU
		{0CA0B7F2-7CDD-4694-99C5-60A8FC3FF371}.Debug|x86.Build.0 = Debug|Any CPU
		{0CA0B7F2-7CDD-4694-99C5-60A8FC3FF371}.Debug|x86.Deploy.0 = Debug|Any CPU
		{0CA0B7F2-7CDD-4694-99C5-60A8FC3FF371}.Release|Any CPU.ActiveCfg = Release|Any CPU
		{0CA0B7F2-7CDD-4694-99C5-60A8FC3FF371}.Release|Any CPU.Build.0 = Release|Any CPU
		{0CA0B7F2-7CDD-4694-99C5-60A8FC3FF371}.Release|Any CPU.Deploy.0 = Release|Any CPU
		{0CA0B7F2-7CDD-4694-99C5-60A8FC3FF371}.Release|ARM.ActiveCfg = Release|Any CPU
		{0CA0B7F2-7CDD-4694-99C5-60A8FC3FF371}.Release|ARM.Build.0 = Release|Any CPU
		{0CA0B7F2-7CDD-4694-99C5-60A8FC3FF371}.Release|ARM.Deploy.0 = Release|Any CPU
		{0CA0B7F2-7CDD-4694-99C5-60A8FC3FF371}.Release|ARM64.ActiveCfg = Release|Any CPU
		{0CA0B7F2-7CDD-4694-99C5-60A8FC3FF371}.Release|ARM64.Build.0 = Release|Any CPU
		{0CA0B7F2-7CDD-4694-99C5-60A8FC3FF371}.Release|ARM64.Deploy.0 = Release|Any CPU
		{0CA0B7F2-7CDD-4694-99C5-60A8FC3FF371}.Release|iPhone.ActiveCfg = Release|Any CPU
		{0CA0B7F2-7CDD-4694-99C5-60A8FC3FF371}.Release|iPhone.Build.0 = Release|Any CPU
		{0CA0B7F2-7CDD-4694-99C5-60A8FC3FF371}.Release|iPhone.Deploy.0 = Release|Any CPU
		{0CA0B7F2-7CDD-4694-99C5-60A8FC3FF371}.Release|iPhoneSimulator.ActiveCfg = Release|Any CPU
		{0CA0B7F2-7CDD-4694-99C5-60A8FC3FF371}.Release|iPhoneSimulator.Build.0 = Release|Any CPU
		{0CA0B7F2-7CDD-4694-99C5-60A8FC3FF371}.Release|iPhoneSimulator.Deploy.0 = Release|Any CPU
		{0CA0B7F2-7CDD-4694-99C5-60A8FC3FF371}.Release|x64.ActiveCfg = Release|Any CPU
		{0CA0B7F2-7CDD-4694-99C5-60A8FC3FF371}.Release|x64.Build.0 = Release|Any CPU
		{0CA0B7F2-7CDD-4694-99C5-60A8FC3FF371}.Release|x64.Deploy.0 = Release|Any CPU
		{0CA0B7F2-7CDD-4694-99C5-60A8FC3FF371}.Release|x86.ActiveCfg = Release|Any CPU
		{0CA0B7F2-7CDD-4694-99C5-60A8FC3FF371}.Release|x86.Build.0 = Release|Any CPU
		{0CA0B7F2-7CDD-4694-99C5-60A8FC3FF371}.Release|x86.Deploy.0 = Release|Any CPU
		{F7F76591-40C0-4F46-8069-97E9B02E225A}.Ad-Hoc|Any CPU.ActiveCfg = Ad-Hoc|iPhoneSimulator
		{F7F76591-40C0-4F46-8069-97E9B02E225A}.Ad-Hoc|ARM.ActiveCfg = Ad-Hoc|iPhoneSimulator
		{F7F76591-40C0-4F46-8069-97E9B02E225A}.Ad-Hoc|ARM64.ActiveCfg = Ad-Hoc|iPhoneSimulator
		{F7F76591-40C0-4F46-8069-97E9B02E225A}.Ad-Hoc|iPhone.ActiveCfg = Ad-Hoc|iPhone
		{F7F76591-40C0-4F46-8069-97E9B02E225A}.Ad-Hoc|iPhone.Build.0 = Ad-Hoc|iPhone
		{F7F76591-40C0-4F46-8069-97E9B02E225A}.Ad-Hoc|iPhoneSimulator.ActiveCfg = Ad-Hoc|iPhoneSimulator
		{F7F76591-40C0-4F46-8069-97E9B02E225A}.Ad-Hoc|iPhoneSimulator.Build.0 = Ad-Hoc|iPhoneSimulator
		{F7F76591-40C0-4F46-8069-97E9B02E225A}.Ad-Hoc|x64.ActiveCfg = Ad-Hoc|iPhoneSimulator
		{F7F76591-40C0-4F46-8069-97E9B02E225A}.Ad-Hoc|x86.ActiveCfg = Ad-Hoc|iPhoneSimulator
		{F7F76591-40C0-4F46-8069-97E9B02E225A}.AppStore|Any CPU.ActiveCfg = AppStore|iPhoneSimulator
		{F7F76591-40C0-4F46-8069-97E9B02E225A}.AppStore|ARM.ActiveCfg = AppStore|iPhoneSimulator
		{F7F76591-40C0-4F46-8069-97E9B02E225A}.AppStore|ARM64.ActiveCfg = AppStore|iPhoneSimulator
		{F7F76591-40C0-4F46-8069-97E9B02E225A}.AppStore|iPhone.ActiveCfg = AppStore|iPhone
		{F7F76591-40C0-4F46-8069-97E9B02E225A}.AppStore|iPhone.Build.0 = AppStore|iPhone
		{F7F76591-40C0-4F46-8069-97E9B02E225A}.AppStore|iPhoneSimulator.ActiveCfg = AppStore|iPhoneSimulator
		{F7F76591-40C0-4F46-8069-97E9B02E225A}.AppStore|iPhoneSimulator.Build.0 = AppStore|iPhoneSimulator
		{F7F76591-40C0-4F46-8069-97E9B02E225A}.AppStore|x64.ActiveCfg = AppStore|iPhoneSimulator
		{F7F76591-40C0-4F46-8069-97E9B02E225A}.AppStore|x86.ActiveCfg = AppStore|iPhoneSimulator
		{F7F76591-40C0-4F46-8069-97E9B02E225A}.Debug|Any CPU.ActiveCfg = Debug|iPhoneSimulator
		{F7F76591-40C0-4F46-8069-97E9B02E225A}.Debug|ARM.ActiveCfg = Debug|iPhoneSimulator
		{F7F76591-40C0-4F46-8069-97E9B02E225A}.Debug|ARM64.ActiveCfg = Debug|iPhoneSimulator
		{F7F76591-40C0-4F46-8069-97E9B02E225A}.Debug|iPhone.ActiveCfg = Debug|iPhone
		{F7F76591-40C0-4F46-8069-97E9B02E225A}.Debug|iPhone.Build.0 = Debug|iPhone
		{F7F76591-40C0-4F46-8069-97E9B02E225A}.Debug|iPhoneSimulator.ActiveCfg = Debug|iPhoneSimulator
		{F7F76591-40C0-4F46-8069-97E9B02E225A}.Debug|iPhoneSimulator.Build.0 = Debug|iPhoneSimulator
		{F7F76591-40C0-4F46-8069-97E9B02E225A}.Debug|x64.ActiveCfg = Debug|iPhoneSimulator
		{F7F76591-40C0-4F46-8069-97E9B02E225A}.Debug|x86.ActiveCfg = Debug|iPhoneSimulator
		{F7F76591-40C0-4F46-8069-97E9B02E225A}.Release|Any CPU.ActiveCfg = Release|iPhoneSimulator
		{F7F76591-40C0-4F46-8069-97E9B02E225A}.Release|ARM.ActiveCfg = Release|iPhoneSimulator
		{F7F76591-40C0-4F46-8069-97E9B02E225A}.Release|ARM64.ActiveCfg = Release|iPhoneSimulator
		{F7F76591-40C0-4F46-8069-97E9B02E225A}.Release|iPhone.ActiveCfg = Release|iPhone
		{F7F76591-40C0-4F46-8069-97E9B02E225A}.Release|iPhone.Build.0 = Release|iPhone
		{F7F76591-40C0-4F46-8069-97E9B02E225A}.Release|iPhoneSimulator.ActiveCfg = Release|iPhoneSimulator
		{F7F76591-40C0-4F46-8069-97E9B02E225A}.Release|iPhoneSimulator.Build.0 = Release|iPhoneSimulator
		{F7F76591-40C0-4F46-8069-97E9B02E225A}.Release|x64.ActiveCfg = Release|iPhoneSimulator
		{F7F76591-40C0-4F46-8069-97E9B02E225A}.Release|x86.ActiveCfg = Release|iPhoneSimulator
		{6BEE7214-A4B8-44A5-B46C-6325C0269349}.Ad-Hoc|Any CPU.ActiveCfg = Debug|x86
		{6BEE7214-A4B8-44A5-B46C-6325C0269349}.Ad-Hoc|Any CPU.Build.0 = Debug|x86
		{6BEE7214-A4B8-44A5-B46C-6325C0269349}.Ad-Hoc|Any CPU.Deploy.0 = Debug|x86
		{6BEE7214-A4B8-44A5-B46C-6325C0269349}.Ad-Hoc|ARM.ActiveCfg = Debug|ARM
		{6BEE7214-A4B8-44A5-B46C-6325C0269349}.Ad-Hoc|ARM.Build.0 = Debug|ARM
		{6BEE7214-A4B8-44A5-B46C-6325C0269349}.Ad-Hoc|ARM.Deploy.0 = Debug|ARM
		{6BEE7214-A4B8-44A5-B46C-6325C0269349}.Ad-Hoc|ARM64.ActiveCfg = Debug|ARM64
		{6BEE7214-A4B8-44A5-B46C-6325C0269349}.Ad-Hoc|ARM64.Build.0 = Debug|ARM64
		{6BEE7214-A4B8-44A5-B46C-6325C0269349}.Ad-Hoc|ARM64.Deploy.0 = Debug|ARM64
		{6BEE7214-A4B8-44A5-B46C-6325C0269349}.Ad-Hoc|iPhone.ActiveCfg = Debug|x86
		{6BEE7214-A4B8-44A5-B46C-6325C0269349}.Ad-Hoc|iPhone.Build.0 = Debug|x86
		{6BEE7214-A4B8-44A5-B46C-6325C0269349}.Ad-Hoc|iPhone.Deploy.0 = Debug|x86
		{6BEE7214-A4B8-44A5-B46C-6325C0269349}.Ad-Hoc|iPhoneSimulator.ActiveCfg = Debug|x86
		{6BEE7214-A4B8-44A5-B46C-6325C0269349}.Ad-Hoc|iPhoneSimulator.Build.0 = Debug|x86
		{6BEE7214-A4B8-44A5-B46C-6325C0269349}.Ad-Hoc|iPhoneSimulator.Deploy.0 = Debug|x86
		{6BEE7214-A4B8-44A5-B46C-6325C0269349}.Ad-Hoc|x64.ActiveCfg = Debug|x64
		{6BEE7214-A4B8-44A5-B46C-6325C0269349}.Ad-Hoc|x64.Build.0 = Debug|x64
		{6BEE7214-A4B8-44A5-B46C-6325C0269349}.Ad-Hoc|x64.Deploy.0 = Debug|x64
		{6BEE7214-A4B8-44A5-B46C-6325C0269349}.Ad-Hoc|x86.ActiveCfg = Debug|x86
		{6BEE7214-A4B8-44A5-B46C-6325C0269349}.Ad-Hoc|x86.Build.0 = Debug|x86
		{6BEE7214-A4B8-44A5-B46C-6325C0269349}.Ad-Hoc|x86.Deploy.0 = Debug|x86
		{6BEE7214-A4B8-44A5-B46C-6325C0269349}.AppStore|Any CPU.ActiveCfg = Debug|x86
		{6BEE7214-A4B8-44A5-B46C-6325C0269349}.AppStore|Any CPU.Build.0 = Debug|x86
		{6BEE7214-A4B8-44A5-B46C-6325C0269349}.AppStore|Any CPU.Deploy.0 = Debug|x86
		{6BEE7214-A4B8-44A5-B46C-6325C0269349}.AppStore|ARM.ActiveCfg = Debug|ARM
		{6BEE7214-A4B8-44A5-B46C-6325C0269349}.AppStore|ARM.Build.0 = Debug|ARM
		{6BEE7214-A4B8-44A5-B46C-6325C0269349}.AppStore|ARM.Deploy.0 = Debug|ARM
		{6BEE7214-A4B8-44A5-B46C-6325C0269349}.AppStore|ARM64.ActiveCfg = Debug|ARM64
		{6BEE7214-A4B8-44A5-B46C-6325C0269349}.AppStore|ARM64.Build.0 = Debug|ARM64
		{6BEE7214-A4B8-44A5-B46C-6325C0269349}.AppStore|ARM64.Deploy.0 = Debug|ARM64
		{6BEE7214-A4B8-44A5-B46C-6325C0269349}.AppStore|iPhone.ActiveCfg = Debug|x86
		{6BEE7214-A4B8-44A5-B46C-6325C0269349}.AppStore|iPhone.Build.0 = Debug|x86
		{6BEE7214-A4B8-44A5-B46C-6325C0269349}.AppStore|iPhone.Deploy.0 = Debug|x86
		{6BEE7214-A4B8-44A5-B46C-6325C0269349}.AppStore|iPhoneSimulator.ActiveCfg = Debug|x86
		{6BEE7214-A4B8-44A5-B46C-6325C0269349}.AppStore|iPhoneSimulator.Build.0 = Debug|x86
		{6BEE7214-A4B8-44A5-B46C-6325C0269349}.AppStore|iPhoneSimulator.Deploy.0 = Debug|x86
		{6BEE7214-A4B8-44A5-B46C-6325C0269349}.AppStore|x64.ActiveCfg = Debug|x64
		{6BEE7214-A4B8-44A5-B46C-6325C0269349}.AppStore|x64.Build.0 = Debug|x64
		{6BEE7214-A4B8-44A5-B46C-6325C0269349}.AppStore|x64.Deploy.0 = Debug|x64
		{6BEE7214-A4B8-44A5-B46C-6325C0269349}.AppStore|x86.ActiveCfg = Debug|x86
		{6BEE7214-A4B8-44A5-B46C-6325C0269349}.AppStore|x86.Build.0 = Debug|x86
		{6BEE7214-A4B8-44A5-B46C-6325C0269349}.AppStore|x86.Deploy.0 = Debug|x86
		{6BEE7214-A4B8-44A5-B46C-6325C0269349}.Debug|Any CPU.ActiveCfg = Debug|x86
		{6BEE7214-A4B8-44A5-B46C-6325C0269349}.Debug|ARM.ActiveCfg = Debug|ARM
		{6BEE7214-A4B8-44A5-B46C-6325C0269349}.Debug|ARM.Build.0 = Debug|ARM
		{6BEE7214-A4B8-44A5-B46C-6325C0269349}.Debug|ARM.Deploy.0 = Debug|ARM
		{6BEE7214-A4B8-44A5-B46C-6325C0269349}.Debug|ARM64.ActiveCfg = Debug|ARM64
		{6BEE7214-A4B8-44A5-B46C-6325C0269349}.Debug|ARM64.Build.0 = Debug|ARM64
		{6BEE7214-A4B8-44A5-B46C-6325C0269349}.Debug|ARM64.Deploy.0 = Debug|ARM64
		{6BEE7214-A4B8-44A5-B46C-6325C0269349}.Debug|iPhone.ActiveCfg = Debug|x86
		{6BEE7214-A4B8-44A5-B46C-6325C0269349}.Debug|iPhoneSimulator.ActiveCfg = Debug|x86
		{6BEE7214-A4B8-44A5-B46C-6325C0269349}.Debug|x64.ActiveCfg = Debug|x64
		{6BEE7214-A4B8-44A5-B46C-6325C0269349}.Debug|x64.Build.0 = Debug|x64
		{6BEE7214-A4B8-44A5-B46C-6325C0269349}.Debug|x64.Deploy.0 = Debug|x64
		{6BEE7214-A4B8-44A5-B46C-6325C0269349}.Debug|x86.ActiveCfg = Debug|x86
		{6BEE7214-A4B8-44A5-B46C-6325C0269349}.Debug|x86.Build.0 = Debug|x86
		{6BEE7214-A4B8-44A5-B46C-6325C0269349}.Debug|x86.Deploy.0 = Debug|x86
		{6BEE7214-A4B8-44A5-B46C-6325C0269349}.Release|Any CPU.ActiveCfg = Release|x86
		{6BEE7214-A4B8-44A5-B46C-6325C0269349}.Release|ARM.ActiveCfg = Release|ARM
		{6BEE7214-A4B8-44A5-B46C-6325C0269349}.Release|ARM.Build.0 = Release|ARM
		{6BEE7214-A4B8-44A5-B46C-6325C0269349}.Release|ARM.Deploy.0 = Release|ARM
		{6BEE7214-A4B8-44A5-B46C-6325C0269349}.Release|ARM64.ActiveCfg = Release|ARM64
		{6BEE7214-A4B8-44A5-B46C-6325C0269349}.Release|ARM64.Build.0 = Release|ARM64
		{6BEE7214-A4B8-44A5-B46C-6325C0269349}.Release|ARM64.Deploy.0 = Release|ARM64
		{6BEE7214-A4B8-44A5-B46C-6325C0269349}.Release|iPhone.ActiveCfg = Release|x86
		{6BEE7214-A4B8-44A5-B46C-6325C0269349}.Release|iPhoneSimulator.ActiveCfg = Release|x86
		{6BEE7214-A4B8-44A5-B46C-6325C0269349}.Release|x64.ActiveCfg = Release|x64
		{6BEE7214-A4B8-44A5-B46C-6325C0269349}.Release|x64.Build.0 = Release|x64
		{6BEE7214-A4B8-44A5-B46C-6325C0269349}.Release|x64.Deploy.0 = Release|x64
		{6BEE7214-A4B8-44A5-B46C-6325C0269349}.Release|x86.ActiveCfg = Release|x86
		{6BEE7214-A4B8-44A5-B46C-6325C0269349}.Release|x86.Build.0 = Release|x86
		{6BEE7214-A4B8-44A5-B46C-6325C0269349}.Release|x86.Deploy.0 = Release|x86
		{8C564951-D054-4C3A-A832-27ACF919691F}.Ad-Hoc|Any CPU.ActiveCfg = Debug|Any CPU
		{8C564951-D054-4C3A-A832-27ACF919691F}.Ad-Hoc|Any CPU.Build.0 = Debug|Any CPU
		{8C564951-D054-4C3A-A832-27ACF919691F}.Ad-Hoc|ARM.ActiveCfg = Debug|Any CPU
		{8C564951-D054-4C3A-A832-27ACF919691F}.Ad-Hoc|ARM.Build.0 = Debug|Any CPU
		{8C564951-D054-4C3A-A832-27ACF919691F}.Ad-Hoc|ARM64.ActiveCfg = Debug|Any CPU
		{8C564951-D054-4C3A-A832-27ACF919691F}.Ad-Hoc|ARM64.Build.0 = Debug|Any CPU
		{8C564951-D054-4C3A-A832-27ACF919691F}.Ad-Hoc|iPhone.ActiveCfg = Debug|Any CPU
		{8C564951-D054-4C3A-A832-27ACF919691F}.Ad-Hoc|iPhone.Build.0 = Debug|Any CPU
		{8C564951-D054-4C3A-A832-27ACF919691F}.Ad-Hoc|iPhoneSimulator.ActiveCfg = Debug|Any CPU
		{8C564951-D054-4C3A-A832-27ACF919691F}.Ad-Hoc|iPhoneSimulator.Build.0 = Debug|Any CPU
		{8C564951-D054-4C3A-A832-27ACF919691F}.Ad-Hoc|x64.ActiveCfg = Debug|Any CPU
		{8C564951-D054-4C3A-A832-27ACF919691F}.Ad-Hoc|x64.Build.0 = Debug|Any CPU
		{8C564951-D054-4C3A-A832-27ACF919691F}.Ad-Hoc|x86.ActiveCfg = Debug|Any CPU
		{8C564951-D054-4C3A-A832-27ACF919691F}.Ad-Hoc|x86.Build.0 = Debug|Any CPU
		{8C564951-D054-4C3A-A832-27ACF919691F}.AppStore|Any CPU.ActiveCfg = Debug|Any CPU
		{8C564951-D054-4C3A-A832-27ACF919691F}.AppStore|Any CPU.Build.0 = Debug|Any CPU
		{8C564951-D054-4C3A-A832-27ACF919691F}.AppStore|ARM.ActiveCfg = Debug|Any CPU
		{8C564951-D054-4C3A-A832-27ACF919691F}.AppStore|ARM.Build.0 = Debug|Any CPU
		{8C564951-D054-4C3A-A832-27ACF919691F}.AppStore|ARM64.ActiveCfg = Debug|Any CPU
		{8C564951-D054-4C3A-A832-27ACF919691F}.AppStore|ARM64.Build.0 = Debug|Any CPU
		{8C564951-D054-4C3A-A832-27ACF919691F}.AppStore|iPhone.ActiveCfg = Debug|Any CPU
		{8C564951-D054-4C3A-A832-27ACF919691F}.AppStore|iPhone.Build.0 = Debug|Any CPU
		{8C564951-D054-4C3A-A832-27ACF919691F}.AppStore|iPhoneSimulator.ActiveCfg = Debug|Any CPU
		{8C564951-D054-4C3A-A832-27ACF919691F}.AppStore|iPhoneSimulator.Build.0 = Debug|Any CPU
		{8C564951-D054-4C3A-A832-27ACF919691F}.AppStore|x64.ActiveCfg = Debug|Any CPU
		{8C564951-D054-4C3A-A832-27ACF919691F}.AppStore|x64.Build.0 = Debug|Any CPU
		{8C564951-D054-4C3A-A832-27ACF919691F}.AppStore|x86.ActiveCfg = Debug|Any CPU
		{8C564951-D054-4C3A-A832-27ACF919691F}.AppStore|x86.Build.0 = Debug|Any CPU
		{8C564951-D054-4C3A-A832-27ACF919691F}.Debug|Any CPU.ActiveCfg = Debug|Any CPU
		{8C564951-D054-4C3A-A832-27ACF919691F}.Debug|Any CPU.Build.0 = Debug|Any CPU
		{8C564951-D054-4C3A-A832-27ACF919691F}.Debug|ARM.ActiveCfg = Debug|Any CPU
		{8C564951-D054-4C3A-A832-27ACF919691F}.Debug|ARM.Build.0 = Debug|Any CPU
		{8C564951-D054-4C3A-A832-27ACF919691F}.Debug|ARM64.ActiveCfg = Debug|Any CPU
		{8C564951-D054-4C3A-A832-27ACF919691F}.Debug|ARM64.Build.0 = Debug|Any CPU
		{8C564951-D054-4C3A-A832-27ACF919691F}.Debug|iPhone.ActiveCfg = Debug|Any CPU
		{8C564951-D054-4C3A-A832-27ACF919691F}.Debug|iPhone.Build.0 = Debug|Any CPU
		{8C564951-D054-4C3A-A832-27ACF919691F}.Debug|iPhoneSimulator.ActiveCfg = Debug|Any CPU
		{8C564951-D054-4C3A-A832-27ACF919691F}.Debug|iPhoneSimulator.Build.0 = Debug|Any CPU
		{8C564951-D054-4C3A-A832-27ACF919691F}.Debug|x64.ActiveCfg = Debug|Any CPU
		{8C564951-D054-4C3A-A832-27ACF919691F}.Debug|x64.Build.0 = Debug|Any CPU
		{8C564951-D054-4C3A-A832-27ACF919691F}.Debug|x86.ActiveCfg = Debug|Any CPU
		{8C564951-D054-4C3A-A832-27ACF919691F}.Debug|x86.Build.0 = Debug|Any CPU
		{8C564951-D054-4C3A-A832-27ACF919691F}.Release|Any CPU.ActiveCfg = Release|Any CPU
		{8C564951-D054-4C3A-A832-27ACF919691F}.Release|Any CPU.Build.0 = Release|Any CPU
		{8C564951-D054-4C3A-A832-27ACF919691F}.Release|ARM.ActiveCfg = Release|Any CPU
		{8C564951-D054-4C3A-A832-27ACF919691F}.Release|ARM.Build.0 = Release|Any CPU
		{8C564951-D054-4C3A-A832-27ACF919691F}.Release|ARM64.ActiveCfg = Release|Any CPU
		{8C564951-D054-4C3A-A832-27ACF919691F}.Release|ARM64.Build.0 = Release|Any CPU
		{8C564951-D054-4C3A-A832-27ACF919691F}.Release|iPhone.ActiveCfg = Release|Any CPU
		{8C564951-D054-4C3A-A832-27ACF919691F}.Release|iPhone.Build.0 = Release|Any CPU
		{8C564951-D054-4C3A-A832-27ACF919691F}.Release|iPhoneSimulator.ActiveCfg = Release|Any CPU
		{8C564951-D054-4C3A-A832-27ACF919691F}.Release|iPhoneSimulator.Build.0 = Release|Any CPU
		{8C564951-D054-4C3A-A832-27ACF919691F}.Release|x64.ActiveCfg = Release|Any CPU
		{8C564951-D054-4C3A-A832-27ACF919691F}.Release|x64.Build.0 = Release|Any CPU
		{8C564951-D054-4C3A-A832-27ACF919691F}.Release|x86.ActiveCfg = Release|Any CPU
		{8C564951-D054-4C3A-A832-27ACF919691F}.Release|x86.Build.0 = Release|Any CPU
		{9403F1A6-47B5-4AE1-93DA-FCD7D560DE61}.Ad-Hoc|Any CPU.ActiveCfg = Debug|iPhoneSimulator
		{9403F1A6-47B5-4AE1-93DA-FCD7D560DE61}.Ad-Hoc|Any CPU.Build.0 = Debug|iPhoneSimulator
		{9403F1A6-47B5-4AE1-93DA-FCD7D560DE61}.Ad-Hoc|ARM.ActiveCfg = Debug|iPhoneSimulator
		{9403F1A6-47B5-4AE1-93DA-FCD7D560DE61}.Ad-Hoc|ARM.Build.0 = Debug|iPhoneSimulator
		{9403F1A6-47B5-4AE1-93DA-FCD7D560DE61}.Ad-Hoc|ARM64.ActiveCfg = Debug|iPhoneSimulator
		{9403F1A6-47B5-4AE1-93DA-FCD7D560DE61}.Ad-Hoc|ARM64.Build.0 = Debug|iPhoneSimulator
		{9403F1A6-47B5-4AE1-93DA-FCD7D560DE61}.Ad-Hoc|iPhone.ActiveCfg = Debug|iPhoneSimulator
		{9403F1A6-47B5-4AE1-93DA-FCD7D560DE61}.Ad-Hoc|iPhone.Build.0 = Debug|iPhoneSimulator
		{9403F1A6-47B5-4AE1-93DA-FCD7D560DE61}.Ad-Hoc|iPhoneSimulator.ActiveCfg = Debug|iPhoneSimulator
		{9403F1A6-47B5-4AE1-93DA-FCD7D560DE61}.Ad-Hoc|iPhoneSimulator.Build.0 = Debug|iPhoneSimulator
		{9403F1A6-47B5-4AE1-93DA-FCD7D560DE61}.Ad-Hoc|x64.ActiveCfg = Debug|iPhoneSimulator
		{9403F1A6-47B5-4AE1-93DA-FCD7D560DE61}.Ad-Hoc|x64.Build.0 = Debug|iPhoneSimulator
		{9403F1A6-47B5-4AE1-93DA-FCD7D560DE61}.Ad-Hoc|x86.ActiveCfg = Debug|iPhoneSimulator
		{9403F1A6-47B5-4AE1-93DA-FCD7D560DE61}.Ad-Hoc|x86.Build.0 = Debug|iPhoneSimulator
		{9403F1A6-47B5-4AE1-93DA-FCD7D560DE61}.AppStore|Any CPU.ActiveCfg = Debug|iPhoneSimulator
		{9403F1A6-47B5-4AE1-93DA-FCD7D560DE61}.AppStore|Any CPU.Build.0 = Debug|iPhoneSimulator
		{9403F1A6-47B5-4AE1-93DA-FCD7D560DE61}.AppStore|ARM.ActiveCfg = Debug|iPhoneSimulator
		{9403F1A6-47B5-4AE1-93DA-FCD7D560DE61}.AppStore|ARM.Build.0 = Debug|iPhoneSimulator
		{9403F1A6-47B5-4AE1-93DA-FCD7D560DE61}.AppStore|ARM64.ActiveCfg = Debug|iPhoneSimulator
		{9403F1A6-47B5-4AE1-93DA-FCD7D560DE61}.AppStore|ARM64.Build.0 = Debug|iPhoneSimulator
		{9403F1A6-47B5-4AE1-93DA-FCD7D560DE61}.AppStore|iPhone.ActiveCfg = Debug|iPhoneSimulator
		{9403F1A6-47B5-4AE1-93DA-FCD7D560DE61}.AppStore|iPhone.Build.0 = Debug|iPhoneSimulator
		{9403F1A6-47B5-4AE1-93DA-FCD7D560DE61}.AppStore|iPhoneSimulator.ActiveCfg = Debug|iPhoneSimulator
		{9403F1A6-47B5-4AE1-93DA-FCD7D560DE61}.AppStore|iPhoneSimulator.Build.0 = Debug|iPhoneSimulator
		{9403F1A6-47B5-4AE1-93DA-FCD7D560DE61}.AppStore|x64.ActiveCfg = Debug|iPhoneSimulator
		{9403F1A6-47B5-4AE1-93DA-FCD7D560DE61}.AppStore|x64.Build.0 = Debug|iPhoneSimulator
		{9403F1A6-47B5-4AE1-93DA-FCD7D560DE61}.AppStore|x86.ActiveCfg = Debug|iPhoneSimulator
		{9403F1A6-47B5-4AE1-93DA-FCD7D560DE61}.AppStore|x86.Build.0 = Debug|iPhoneSimulator
		{9403F1A6-47B5-4AE1-93DA-FCD7D560DE61}.Debug|Any CPU.ActiveCfg = Debug|iPhoneSimulator
		{9403F1A6-47B5-4AE1-93DA-FCD7D560DE61}.Debug|ARM.ActiveCfg = Debug|iPhoneSimulator
		{9403F1A6-47B5-4AE1-93DA-FCD7D560DE61}.Debug|ARM64.ActiveCfg = Debug|iPhoneSimulator
		{9403F1A6-47B5-4AE1-93DA-FCD7D560DE61}.Debug|iPhone.ActiveCfg = Debug|iPhoneSimulator
		{9403F1A6-47B5-4AE1-93DA-FCD7D560DE61}.Debug|iPhoneSimulator.ActiveCfg = Debug|iPhoneSimulator
		{9403F1A6-47B5-4AE1-93DA-FCD7D560DE61}.Debug|iPhoneSimulator.Build.0 = Debug|iPhoneSimulator
		{9403F1A6-47B5-4AE1-93DA-FCD7D560DE61}.Debug|x64.ActiveCfg = Debug|iPhoneSimulator
		{9403F1A6-47B5-4AE1-93DA-FCD7D560DE61}.Debug|x86.ActiveCfg = Debug|iPhoneSimulator
		{9403F1A6-47B5-4AE1-93DA-FCD7D560DE61}.Release|Any CPU.ActiveCfg = Release|iPhoneSimulator
		{9403F1A6-47B5-4AE1-93DA-FCD7D560DE61}.Release|ARM.ActiveCfg = Release|iPhoneSimulator
		{9403F1A6-47B5-4AE1-93DA-FCD7D560DE61}.Release|ARM64.ActiveCfg = Release|iPhoneSimulator
		{9403F1A6-47B5-4AE1-93DA-FCD7D560DE61}.Release|iPhone.ActiveCfg = Release|iPhoneSimulator
		{9403F1A6-47B5-4AE1-93DA-FCD7D560DE61}.Release|iPhoneSimulator.ActiveCfg = Release|iPhoneSimulator
		{9403F1A6-47B5-4AE1-93DA-FCD7D560DE61}.Release|iPhoneSimulator.Build.0 = Release|iPhoneSimulator
		{9403F1A6-47B5-4AE1-93DA-FCD7D560DE61}.Release|x64.ActiveCfg = Release|iPhoneSimulator
		{9403F1A6-47B5-4AE1-93DA-FCD7D560DE61}.Release|x86.ActiveCfg = Release|iPhoneSimulator
		{E8880266-D550-4004-AF21-6E60D4AEA6DC}.Ad-Hoc|Any CPU.ActiveCfg = Debug|Any CPU
		{E8880266-D550-4004-AF21-6E60D4AEA6DC}.Ad-Hoc|Any CPU.Build.0 = Debug|Any CPU
		{E8880266-D550-4004-AF21-6E60D4AEA6DC}.Ad-Hoc|ARM.ActiveCfg = Debug|Any CPU
		{E8880266-D550-4004-AF21-6E60D4AEA6DC}.Ad-Hoc|ARM.Build.0 = Debug|Any CPU
		{E8880266-D550-4004-AF21-6E60D4AEA6DC}.Ad-Hoc|ARM64.ActiveCfg = Debug|Any CPU
		{E8880266-D550-4004-AF21-6E60D4AEA6DC}.Ad-Hoc|ARM64.Build.0 = Debug|Any CPU
		{E8880266-D550-4004-AF21-6E60D4AEA6DC}.Ad-Hoc|iPhone.ActiveCfg = Debug|Any CPU
		{E8880266-D550-4004-AF21-6E60D4AEA6DC}.Ad-Hoc|iPhone.Build.0 = Debug|Any CPU
		{E8880266-D550-4004-AF21-6E60D4AEA6DC}.Ad-Hoc|iPhoneSimulator.ActiveCfg = Debug|Any CPU
		{E8880266-D550-4004-AF21-6E60D4AEA6DC}.Ad-Hoc|iPhoneSimulator.Build.0 = Debug|Any CPU
		{E8880266-D550-4004-AF21-6E60D4AEA6DC}.Ad-Hoc|x64.ActiveCfg = Debug|Any CPU
		{E8880266-D550-4004-AF21-6E60D4AEA6DC}.Ad-Hoc|x64.Build.0 = Debug|Any CPU
		{E8880266-D550-4004-AF21-6E60D4AEA6DC}.Ad-Hoc|x86.ActiveCfg = Debug|Any CPU
		{E8880266-D550-4004-AF21-6E60D4AEA6DC}.Ad-Hoc|x86.Build.0 = Debug|Any CPU
		{E8880266-D550-4004-AF21-6E60D4AEA6DC}.AppStore|Any CPU.ActiveCfg = Debug|Any CPU
		{E8880266-D550-4004-AF21-6E60D4AEA6DC}.AppStore|Any CPU.Build.0 = Debug|Any CPU
		{E8880266-D550-4004-AF21-6E60D4AEA6DC}.AppStore|ARM.ActiveCfg = Debug|Any CPU
		{E8880266-D550-4004-AF21-6E60D4AEA6DC}.AppStore|ARM.Build.0 = Debug|Any CPU
		{E8880266-D550-4004-AF21-6E60D4AEA6DC}.AppStore|ARM64.ActiveCfg = Debug|Any CPU
		{E8880266-D550-4004-AF21-6E60D4AEA6DC}.AppStore|ARM64.Build.0 = Debug|Any CPU
		{E8880266-D550-4004-AF21-6E60D4AEA6DC}.AppStore|iPhone.ActiveCfg = Debug|Any CPU
		{E8880266-D550-4004-AF21-6E60D4AEA6DC}.AppStore|iPhone.Build.0 = Debug|Any CPU
		{E8880266-D550-4004-AF21-6E60D4AEA6DC}.AppStore|iPhoneSimulator.ActiveCfg = Debug|Any CPU
		{E8880266-D550-4004-AF21-6E60D4AEA6DC}.AppStore|iPhoneSimulator.Build.0 = Debug|Any CPU
		{E8880266-D550-4004-AF21-6E60D4AEA6DC}.AppStore|x64.ActiveCfg = Debug|Any CPU
		{E8880266-D550-4004-AF21-6E60D4AEA6DC}.AppStore|x64.Build.0 = Debug|Any CPU
		{E8880266-D550-4004-AF21-6E60D4AEA6DC}.AppStore|x86.ActiveCfg = Debug|Any CPU
		{E8880266-D550-4004-AF21-6E60D4AEA6DC}.AppStore|x86.Build.0 = Debug|Any CPU
		{E8880266-D550-4004-AF21-6E60D4AEA6DC}.Debug|Any CPU.ActiveCfg = Debug|Any CPU
		{E8880266-D550-4004-AF21-6E60D4AEA6DC}.Debug|Any CPU.Build.0 = Debug|Any CPU
		{E8880266-D550-4004-AF21-6E60D4AEA6DC}.Debug|ARM.ActiveCfg = Debug|Any CPU
		{E8880266-D550-4004-AF21-6E60D4AEA6DC}.Debug|ARM.Build.0 = Debug|Any CPU
		{E8880266-D550-4004-AF21-6E60D4AEA6DC}.Debug|ARM64.ActiveCfg = Debug|Any CPU
		{E8880266-D550-4004-AF21-6E60D4AEA6DC}.Debug|ARM64.Build.0 = Debug|Any CPU
		{E8880266-D550-4004-AF21-6E60D4AEA6DC}.Debug|iPhone.ActiveCfg = Debug|Any CPU
		{E8880266-D550-4004-AF21-6E60D4AEA6DC}.Debug|iPhone.Build.0 = Debug|Any CPU
		{E8880266-D550-4004-AF21-6E60D4AEA6DC}.Debug|iPhoneSimulator.ActiveCfg = Debug|Any CPU
		{E8880266-D550-4004-AF21-6E60D4AEA6DC}.Debug|iPhoneSimulator.Build.0 = Debug|Any CPU
		{E8880266-D550-4004-AF21-6E60D4AEA6DC}.Debug|x64.ActiveCfg = Debug|Any CPU
		{E8880266-D550-4004-AF21-6E60D4AEA6DC}.Debug|x64.Build.0 = Debug|Any CPU
		{E8880266-D550-4004-AF21-6E60D4AEA6DC}.Debug|x86.ActiveCfg = Debug|Any CPU
		{E8880266-D550-4004-AF21-6E60D4AEA6DC}.Debug|x86.Build.0 = Debug|Any CPU
		{E8880266-D550-4004-AF21-6E60D4AEA6DC}.Release|Any CPU.ActiveCfg = Release|Any CPU
		{E8880266-D550-4004-AF21-6E60D4AEA6DC}.Release|Any CPU.Build.0 = Release|Any CPU
		{E8880266-D550-4004-AF21-6E60D4AEA6DC}.Release|ARM.ActiveCfg = Release|Any CPU
		{E8880266-D550-4004-AF21-6E60D4AEA6DC}.Release|ARM.Build.0 = Release|Any CPU
		{E8880266-D550-4004-AF21-6E60D4AEA6DC}.Release|ARM64.ActiveCfg = Release|Any CPU
		{E8880266-D550-4004-AF21-6E60D4AEA6DC}.Release|ARM64.Build.0 = Release|Any CPU
		{E8880266-D550-4004-AF21-6E60D4AEA6DC}.Release|iPhone.ActiveCfg = Release|Any CPU
		{E8880266-D550-4004-AF21-6E60D4AEA6DC}.Release|iPhone.Build.0 = Release|Any CPU
		{E8880266-D550-4004-AF21-6E60D4AEA6DC}.Release|iPhoneSimulator.ActiveCfg = Release|Any CPU
		{E8880266-D550-4004-AF21-6E60D4AEA6DC}.Release|iPhoneSimulator.Build.0 = Release|Any CPU
		{E8880266-D550-4004-AF21-6E60D4AEA6DC}.Release|x64.ActiveCfg = Release|Any CPU
		{E8880266-D550-4004-AF21-6E60D4AEA6DC}.Release|x64.Build.0 = Release|Any CPU
		{E8880266-D550-4004-AF21-6E60D4AEA6DC}.Release|x86.ActiveCfg = Release|Any CPU
		{E8880266-D550-4004-AF21-6E60D4AEA6DC}.Release|x86.Build.0 = Release|Any CPU
		{39A5135D-6462-496A-A85F-E5D8218F9F87}.Ad-Hoc|Any CPU.ActiveCfg = Debug|Any CPU
		{39A5135D-6462-496A-A85F-E5D8218F9F87}.Ad-Hoc|Any CPU.Build.0 = Debug|Any CPU
		{39A5135D-6462-496A-A85F-E5D8218F9F87}.Ad-Hoc|ARM.ActiveCfg = Debug|Any CPU
		{39A5135D-6462-496A-A85F-E5D8218F9F87}.Ad-Hoc|ARM.Build.0 = Debug|Any CPU
		{39A5135D-6462-496A-A85F-E5D8218F9F87}.Ad-Hoc|ARM64.ActiveCfg = Debug|Any CPU
		{39A5135D-6462-496A-A85F-E5D8218F9F87}.Ad-Hoc|ARM64.Build.0 = Debug|Any CPU
		{39A5135D-6462-496A-A85F-E5D8218F9F87}.Ad-Hoc|iPhone.ActiveCfg = Debug|Any CPU
		{39A5135D-6462-496A-A85F-E5D8218F9F87}.Ad-Hoc|iPhone.Build.0 = Debug|Any CPU
		{39A5135D-6462-496A-A85F-E5D8218F9F87}.Ad-Hoc|iPhoneSimulator.ActiveCfg = Debug|Any CPU
		{39A5135D-6462-496A-A85F-E5D8218F9F87}.Ad-Hoc|iPhoneSimulator.Build.0 = Debug|Any CPU
		{39A5135D-6462-496A-A85F-E5D8218F9F87}.Ad-Hoc|x64.ActiveCfg = Debug|Any CPU
		{39A5135D-6462-496A-A85F-E5D8218F9F87}.Ad-Hoc|x64.Build.0 = Debug|Any CPU
		{39A5135D-6462-496A-A85F-E5D8218F9F87}.Ad-Hoc|x86.ActiveCfg = Debug|Any CPU
		{39A5135D-6462-496A-A85F-E5D8218F9F87}.Ad-Hoc|x86.Build.0 = Debug|Any CPU
		{39A5135D-6462-496A-A85F-E5D8218F9F87}.AppStore|Any CPU.ActiveCfg = Debug|Any CPU
		{39A5135D-6462-496A-A85F-E5D8218F9F87}.AppStore|Any CPU.Build.0 = Debug|Any CPU
		{39A5135D-6462-496A-A85F-E5D8218F9F87}.AppStore|ARM.ActiveCfg = Debug|Any CPU
		{39A5135D-6462-496A-A85F-E5D8218F9F87}.AppStore|ARM.Build.0 = Debug|Any CPU
		{39A5135D-6462-496A-A85F-E5D8218F9F87}.AppStore|ARM64.ActiveCfg = Debug|Any CPU
		{39A5135D-6462-496A-A85F-E5D8218F9F87}.AppStore|ARM64.Build.0 = Debug|Any CPU
		{39A5135D-6462-496A-A85F-E5D8218F9F87}.AppStore|iPhone.ActiveCfg = Debug|Any CPU
		{39A5135D-6462-496A-A85F-E5D8218F9F87}.AppStore|iPhone.Build.0 = Debug|Any CPU
		{39A5135D-6462-496A-A85F-E5D8218F9F87}.AppStore|iPhoneSimulator.ActiveCfg = Debug|Any CPU
		{39A5135D-6462-496A-A85F-E5D8218F9F87}.AppStore|iPhoneSimulator.Build.0 = Debug|Any CPU
		{39A5135D-6462-496A-A85F-E5D8218F9F87}.AppStore|x64.ActiveCfg = Debug|Any CPU
		{39A5135D-6462-496A-A85F-E5D8218F9F87}.AppStore|x64.Build.0 = Debug|Any CPU
		{39A5135D-6462-496A-A85F-E5D8218F9F87}.AppStore|x86.ActiveCfg = Debug|Any CPU
		{39A5135D-6462-496A-A85F-E5D8218F9F87}.AppStore|x86.Build.0 = Debug|Any CPU
		{39A5135D-6462-496A-A85F-E5D8218F9F87}.Debug|Any CPU.ActiveCfg = Debug|Any CPU
		{39A5135D-6462-496A-A85F-E5D8218F9F87}.Debug|Any CPU.Build.0 = Debug|Any CPU
		{39A5135D-6462-496A-A85F-E5D8218F9F87}.Debug|ARM.ActiveCfg = Debug|Any CPU
		{39A5135D-6462-496A-A85F-E5D8218F9F87}.Debug|ARM.Build.0 = Debug|Any CPU
		{39A5135D-6462-496A-A85F-E5D8218F9F87}.Debug|ARM64.ActiveCfg = Debug|Any CPU
		{39A5135D-6462-496A-A85F-E5D8218F9F87}.Debug|ARM64.Build.0 = Debug|Any CPU
		{39A5135D-6462-496A-A85F-E5D8218F9F87}.Debug|iPhone.ActiveCfg = Debug|Any CPU
		{39A5135D-6462-496A-A85F-E5D8218F9F87}.Debug|iPhone.Build.0 = Debug|Any CPU
		{39A5135D-6462-496A-A85F-E5D8218F9F87}.Debug|iPhoneSimulator.ActiveCfg = Debug|Any CPU
		{39A5135D-6462-496A-A85F-E5D8218F9F87}.Debug|iPhoneSimulator.Build.0 = Debug|Any CPU
		{39A5135D-6462-496A-A85F-E5D8218F9F87}.Debug|x64.ActiveCfg = Debug|Any CPU
		{39A5135D-6462-496A-A85F-E5D8218F9F87}.Debug|x64.Build.0 = Debug|Any CPU
		{39A5135D-6462-496A-A85F-E5D8218F9F87}.Debug|x86.ActiveCfg = Debug|Any CPU
		{39A5135D-6462-496A-A85F-E5D8218F9F87}.Debug|x86.Build.0 = Debug|Any CPU
		{39A5135D-6462-496A-A85F-E5D8218F9F87}.Release|Any CPU.ActiveCfg = Release|Any CPU
		{39A5135D-6462-496A-A85F-E5D8218F9F87}.Release|Any CPU.Build.0 = Release|Any CPU
		{39A5135D-6462-496A-A85F-E5D8218F9F87}.Release|ARM.ActiveCfg = Release|Any CPU
		{39A5135D-6462-496A-A85F-E5D8218F9F87}.Release|ARM.Build.0 = Release|Any CPU
		{39A5135D-6462-496A-A85F-E5D8218F9F87}.Release|ARM64.ActiveCfg = Release|Any CPU
		{39A5135D-6462-496A-A85F-E5D8218F9F87}.Release|ARM64.Build.0 = Release|Any CPU
		{39A5135D-6462-496A-A85F-E5D8218F9F87}.Release|iPhone.ActiveCfg = Release|Any CPU
		{39A5135D-6462-496A-A85F-E5D8218F9F87}.Release|iPhone.Build.0 = Release|Any CPU
		{39A5135D-6462-496A-A85F-E5D8218F9F87}.Release|iPhoneSimulator.ActiveCfg = Release|Any CPU
		{39A5135D-6462-496A-A85F-E5D8218F9F87}.Release|iPhoneSimulator.Build.0 = Release|Any CPU
		{39A5135D-6462-496A-A85F-E5D8218F9F87}.Release|x64.ActiveCfg = Release|Any CPU
		{39A5135D-6462-496A-A85F-E5D8218F9F87}.Release|x64.Build.0 = Release|Any CPU
		{39A5135D-6462-496A-A85F-E5D8218F9F87}.Release|x86.ActiveCfg = Release|Any CPU
		{39A5135D-6462-496A-A85F-E5D8218F9F87}.Release|x86.Build.0 = Release|Any CPU
		{DE6AB8F6-D265-4FBA-9460-31C8E3DD8B25}.Ad-Hoc|Any CPU.ActiveCfg = Debug|Any CPU
		{DE6AB8F6-D265-4FBA-9460-31C8E3DD8B25}.Ad-Hoc|Any CPU.Build.0 = Debug|Any CPU
		{DE6AB8F6-D265-4FBA-9460-31C8E3DD8B25}.Ad-Hoc|ARM.ActiveCfg = Debug|Any CPU
		{DE6AB8F6-D265-4FBA-9460-31C8E3DD8B25}.Ad-Hoc|ARM.Build.0 = Debug|Any CPU
		{DE6AB8F6-D265-4FBA-9460-31C8E3DD8B25}.Ad-Hoc|ARM64.ActiveCfg = Debug|Any CPU
		{DE6AB8F6-D265-4FBA-9460-31C8E3DD8B25}.Ad-Hoc|ARM64.Build.0 = Debug|Any CPU
		{DE6AB8F6-D265-4FBA-9460-31C8E3DD8B25}.Ad-Hoc|iPhone.ActiveCfg = Debug|Any CPU
		{DE6AB8F6-D265-4FBA-9460-31C8E3DD8B25}.Ad-Hoc|iPhone.Build.0 = Debug|Any CPU
		{DE6AB8F6-D265-4FBA-9460-31C8E3DD8B25}.Ad-Hoc|iPhoneSimulator.ActiveCfg = Debug|Any CPU
		{DE6AB8F6-D265-4FBA-9460-31C8E3DD8B25}.Ad-Hoc|iPhoneSimulator.Build.0 = Debug|Any CPU
		{DE6AB8F6-D265-4FBA-9460-31C8E3DD8B25}.Ad-Hoc|x64.ActiveCfg = Debug|Any CPU
		{DE6AB8F6-D265-4FBA-9460-31C8E3DD8B25}.Ad-Hoc|x64.Build.0 = Debug|Any CPU
		{DE6AB8F6-D265-4FBA-9460-31C8E3DD8B25}.Ad-Hoc|x86.ActiveCfg = Debug|Any CPU
		{DE6AB8F6-D265-4FBA-9460-31C8E3DD8B25}.Ad-Hoc|x86.Build.0 = Debug|Any CPU
		{DE6AB8F6-D265-4FBA-9460-31C8E3DD8B25}.AppStore|Any CPU.ActiveCfg = Debug|Any CPU
		{DE6AB8F6-D265-4FBA-9460-31C8E3DD8B25}.AppStore|Any CPU.Build.0 = Debug|Any CPU
		{DE6AB8F6-D265-4FBA-9460-31C8E3DD8B25}.AppStore|ARM.ActiveCfg = Debug|Any CPU
		{DE6AB8F6-D265-4FBA-9460-31C8E3DD8B25}.AppStore|ARM.Build.0 = Debug|Any CPU
		{DE6AB8F6-D265-4FBA-9460-31C8E3DD8B25}.AppStore|ARM64.ActiveCfg = Debug|Any CPU
		{DE6AB8F6-D265-4FBA-9460-31C8E3DD8B25}.AppStore|ARM64.Build.0 = Debug|Any CPU
		{DE6AB8F6-D265-4FBA-9460-31C8E3DD8B25}.AppStore|iPhone.ActiveCfg = Debug|Any CPU
		{DE6AB8F6-D265-4FBA-9460-31C8E3DD8B25}.AppStore|iPhone.Build.0 = Debug|Any CPU
		{DE6AB8F6-D265-4FBA-9460-31C8E3DD8B25}.AppStore|iPhoneSimulator.ActiveCfg = Debug|Any CPU
		{DE6AB8F6-D265-4FBA-9460-31C8E3DD8B25}.AppStore|iPhoneSimulator.Build.0 = Debug|Any CPU
		{DE6AB8F6-D265-4FBA-9460-31C8E3DD8B25}.AppStore|x64.ActiveCfg = Debug|Any CPU
		{DE6AB8F6-D265-4FBA-9460-31C8E3DD8B25}.AppStore|x64.Build.0 = Debug|Any CPU
		{DE6AB8F6-D265-4FBA-9460-31C8E3DD8B25}.AppStore|x86.ActiveCfg = Debug|Any CPU
		{DE6AB8F6-D265-4FBA-9460-31C8E3DD8B25}.AppStore|x86.Build.0 = Debug|Any CPU
		{DE6AB8F6-D265-4FBA-9460-31C8E3DD8B25}.Debug|Any CPU.ActiveCfg = Debug|Any CPU
		{DE6AB8F6-D265-4FBA-9460-31C8E3DD8B25}.Debug|Any CPU.Build.0 = Debug|Any CPU
		{DE6AB8F6-D265-4FBA-9460-31C8E3DD8B25}.Debug|ARM.ActiveCfg = Debug|Any CPU
		{DE6AB8F6-D265-4FBA-9460-31C8E3DD8B25}.Debug|ARM.Build.0 = Debug|Any CPU
		{DE6AB8F6-D265-4FBA-9460-31C8E3DD8B25}.Debug|ARM64.ActiveCfg = Debug|Any CPU
		{DE6AB8F6-D265-4FBA-9460-31C8E3DD8B25}.Debug|ARM64.Build.0 = Debug|Any CPU
		{DE6AB8F6-D265-4FBA-9460-31C8E3DD8B25}.Debug|iPhone.ActiveCfg = Debug|Any CPU
		{DE6AB8F6-D265-4FBA-9460-31C8E3DD8B25}.Debug|iPhone.Build.0 = Debug|Any CPU
		{DE6AB8F6-D265-4FBA-9460-31C8E3DD8B25}.Debug|iPhoneSimulator.ActiveCfg = Debug|Any CPU
		{DE6AB8F6-D265-4FBA-9460-31C8E3DD8B25}.Debug|iPhoneSimulator.Build.0 = Debug|Any CPU
		{DE6AB8F6-D265-4FBA-9460-31C8E3DD8B25}.Debug|x64.ActiveCfg = Debug|Any CPU
		{DE6AB8F6-D265-4FBA-9460-31C8E3DD8B25}.Debug|x64.Build.0 = Debug|Any CPU
		{DE6AB8F6-D265-4FBA-9460-31C8E3DD8B25}.Debug|x86.ActiveCfg = Debug|Any CPU
		{DE6AB8F6-D265-4FBA-9460-31C8E3DD8B25}.Debug|x86.Build.0 = Debug|Any CPU
		{DE6AB8F6-D265-4FBA-9460-31C8E3DD8B25}.Release|Any CPU.ActiveCfg = Release|Any CPU
		{DE6AB8F6-D265-4FBA-9460-31C8E3DD8B25}.Release|Any CPU.Build.0 = Release|Any CPU
		{DE6AB8F6-D265-4FBA-9460-31C8E3DD8B25}.Release|ARM.ActiveCfg = Release|Any CPU
		{DE6AB8F6-D265-4FBA-9460-31C8E3DD8B25}.Release|ARM.Build.0 = Release|Any CPU
		{DE6AB8F6-D265-4FBA-9460-31C8E3DD8B25}.Release|ARM64.ActiveCfg = Release|Any CPU
		{DE6AB8F6-D265-4FBA-9460-31C8E3DD8B25}.Release|ARM64.Build.0 = Release|Any CPU
		{DE6AB8F6-D265-4FBA-9460-31C8E3DD8B25}.Release|iPhone.ActiveCfg = Release|Any CPU
		{DE6AB8F6-D265-4FBA-9460-31C8E3DD8B25}.Release|iPhone.Build.0 = Release|Any CPU
		{DE6AB8F6-D265-4FBA-9460-31C8E3DD8B25}.Release|iPhoneSimulator.ActiveCfg = Release|Any CPU
		{DE6AB8F6-D265-4FBA-9460-31C8E3DD8B25}.Release|iPhoneSimulator.Build.0 = Release|Any CPU
		{DE6AB8F6-D265-4FBA-9460-31C8E3DD8B25}.Release|x64.ActiveCfg = Release|Any CPU
		{DE6AB8F6-D265-4FBA-9460-31C8E3DD8B25}.Release|x64.Build.0 = Release|Any CPU
		{DE6AB8F6-D265-4FBA-9460-31C8E3DD8B25}.Release|x86.ActiveCfg = Release|Any CPU
		{DE6AB8F6-D265-4FBA-9460-31C8E3DD8B25}.Release|x86.Build.0 = Release|Any CPU
		{413D11EF-636D-445A-A0BF-B916CA255706}.Ad-Hoc|Any CPU.ActiveCfg = Debug|Any CPU
		{413D11EF-636D-445A-A0BF-B916CA255706}.Ad-Hoc|Any CPU.Build.0 = Debug|Any CPU
		{413D11EF-636D-445A-A0BF-B916CA255706}.Ad-Hoc|ARM.ActiveCfg = Debug|Any CPU
		{413D11EF-636D-445A-A0BF-B916CA255706}.Ad-Hoc|ARM.Build.0 = Debug|Any CPU
		{413D11EF-636D-445A-A0BF-B916CA255706}.Ad-Hoc|ARM64.ActiveCfg = Debug|Any CPU
		{413D11EF-636D-445A-A0BF-B916CA255706}.Ad-Hoc|ARM64.Build.0 = Debug|Any CPU
		{413D11EF-636D-445A-A0BF-B916CA255706}.Ad-Hoc|iPhone.ActiveCfg = Debug|Any CPU
		{413D11EF-636D-445A-A0BF-B916CA255706}.Ad-Hoc|iPhone.Build.0 = Debug|Any CPU
		{413D11EF-636D-445A-A0BF-B916CA255706}.Ad-Hoc|iPhoneSimulator.ActiveCfg = Debug|Any CPU
		{413D11EF-636D-445A-A0BF-B916CA255706}.Ad-Hoc|iPhoneSimulator.Build.0 = Debug|Any CPU
		{413D11EF-636D-445A-A0BF-B916CA255706}.Ad-Hoc|x64.ActiveCfg = Debug|Any CPU
		{413D11EF-636D-445A-A0BF-B916CA255706}.Ad-Hoc|x64.Build.0 = Debug|Any CPU
		{413D11EF-636D-445A-A0BF-B916CA255706}.Ad-Hoc|x86.ActiveCfg = Debug|Any CPU
		{413D11EF-636D-445A-A0BF-B916CA255706}.Ad-Hoc|x86.Build.0 = Debug|Any CPU
		{413D11EF-636D-445A-A0BF-B916CA255706}.AppStore|Any CPU.ActiveCfg = Debug|Any CPU
		{413D11EF-636D-445A-A0BF-B916CA255706}.AppStore|Any CPU.Build.0 = Debug|Any CPU
		{413D11EF-636D-445A-A0BF-B916CA255706}.AppStore|ARM.ActiveCfg = Debug|Any CPU
		{413D11EF-636D-445A-A0BF-B916CA255706}.AppStore|ARM.Build.0 = Debug|Any CPU
		{413D11EF-636D-445A-A0BF-B916CA255706}.AppStore|ARM64.ActiveCfg = Debug|Any CPU
		{413D11EF-636D-445A-A0BF-B916CA255706}.AppStore|ARM64.Build.0 = Debug|Any CPU
		{413D11EF-636D-445A-A0BF-B916CA255706}.AppStore|iPhone.ActiveCfg = Debug|Any CPU
		{413D11EF-636D-445A-A0BF-B916CA255706}.AppStore|iPhone.Build.0 = Debug|Any CPU
		{413D11EF-636D-445A-A0BF-B916CA255706}.AppStore|iPhoneSimulator.ActiveCfg = Debug|Any CPU
		{413D11EF-636D-445A-A0BF-B916CA255706}.AppStore|iPhoneSimulator.Build.0 = Debug|Any CPU
		{413D11EF-636D-445A-A0BF-B916CA255706}.AppStore|x64.ActiveCfg = Debug|Any CPU
		{413D11EF-636D-445A-A0BF-B916CA255706}.AppStore|x64.Build.0 = Debug|Any CPU
		{413D11EF-636D-445A-A0BF-B916CA255706}.AppStore|x86.ActiveCfg = Debug|Any CPU
		{413D11EF-636D-445A-A0BF-B916CA255706}.AppStore|x86.Build.0 = Debug|Any CPU
		{413D11EF-636D-445A-A0BF-B916CA255706}.Debug|Any CPU.ActiveCfg = Debug|Any CPU
		{413D11EF-636D-445A-A0BF-B916CA255706}.Debug|Any CPU.Build.0 = Debug|Any CPU
		{413D11EF-636D-445A-A0BF-B916CA255706}.Debug|ARM.ActiveCfg = Debug|Any CPU
		{413D11EF-636D-445A-A0BF-B916CA255706}.Debug|ARM.Build.0 = Debug|Any CPU
		{413D11EF-636D-445A-A0BF-B916CA255706}.Debug|ARM64.ActiveCfg = Debug|Any CPU
		{413D11EF-636D-445A-A0BF-B916CA255706}.Debug|ARM64.Build.0 = Debug|Any CPU
		{413D11EF-636D-445A-A0BF-B916CA255706}.Debug|iPhone.ActiveCfg = Debug|Any CPU
		{413D11EF-636D-445A-A0BF-B916CA255706}.Debug|iPhone.Build.0 = Debug|Any CPU
		{413D11EF-636D-445A-A0BF-B916CA255706}.Debug|iPhoneSimulator.ActiveCfg = Debug|Any CPU
		{413D11EF-636D-445A-A0BF-B916CA255706}.Debug|iPhoneSimulator.Build.0 = Debug|Any CPU
		{413D11EF-636D-445A-A0BF-B916CA255706}.Debug|x64.ActiveCfg = Debug|Any CPU
		{413D11EF-636D-445A-A0BF-B916CA255706}.Debug|x64.Build.0 = Debug|Any CPU
		{413D11EF-636D-445A-A0BF-B916CA255706}.Debug|x86.ActiveCfg = Debug|Any CPU
		{413D11EF-636D-445A-A0BF-B916CA255706}.Debug|x86.Build.0 = Debug|Any CPU
		{413D11EF-636D-445A-A0BF-B916CA255706}.Release|Any CPU.ActiveCfg = Release|Any CPU
		{413D11EF-636D-445A-A0BF-B916CA255706}.Release|Any CPU.Build.0 = Release|Any CPU
		{413D11EF-636D-445A-A0BF-B916CA255706}.Release|ARM.ActiveCfg = Release|Any CPU
		{413D11EF-636D-445A-A0BF-B916CA255706}.Release|ARM.Build.0 = Release|Any CPU
		{413D11EF-636D-445A-A0BF-B916CA255706}.Release|ARM64.ActiveCfg = Release|Any CPU
		{413D11EF-636D-445A-A0BF-B916CA255706}.Release|ARM64.Build.0 = Release|Any CPU
		{413D11EF-636D-445A-A0BF-B916CA255706}.Release|iPhone.ActiveCfg = Release|Any CPU
		{413D11EF-636D-445A-A0BF-B916CA255706}.Release|iPhone.Build.0 = Release|Any CPU
		{413D11EF-636D-445A-A0BF-B916CA255706}.Release|iPhoneSimulator.ActiveCfg = Release|Any CPU
		{413D11EF-636D-445A-A0BF-B916CA255706}.Release|iPhoneSimulator.Build.0 = Release|Any CPU
		{413D11EF-636D-445A-A0BF-B916CA255706}.Release|x64.ActiveCfg = Release|Any CPU
		{413D11EF-636D-445A-A0BF-B916CA255706}.Release|x64.Build.0 = Release|Any CPU
		{413D11EF-636D-445A-A0BF-B916CA255706}.Release|x86.ActiveCfg = Release|Any CPU
		{413D11EF-636D-445A-A0BF-B916CA255706}.Release|x86.Build.0 = Release|Any CPU
	EndGlobalSection
	GlobalSection(SolutionProperties) = preSolution
		HideSolutionNode = FALSE
	EndGlobalSection
	GlobalSection(NestedProjects) = preSolution
		{0CA0B7F2-7CDD-4694-99C5-60A8FC3FF371} = {B8364776-3F7B-4943-B86A-4B328C8D38CC}
		{F7F76591-40C0-4F46-8069-97E9B02E225A} = {B8364776-3F7B-4943-B86A-4B328C8D38CC}
		{6BEE7214-A4B8-44A5-B46C-6325C0269349} = {B8364776-3F7B-4943-B86A-4B328C8D38CC}
		{8C564951-D054-4C3A-A832-27ACF919691F} = {B8364776-3F7B-4943-B86A-4B328C8D38CC}
		{9403F1A6-47B5-4AE1-93DA-FCD7D560DE61} = {B8364776-3F7B-4943-B86A-4B328C8D38CC}
		{E8880266-D550-4004-AF21-6E60D4AEA6DC} = {B8364776-3F7B-4943-B86A-4B328C8D38CC}
		{39A5135D-6462-496A-A85F-E5D8218F9F87} = {B8364776-3F7B-4943-B86A-4B328C8D38CC}
		{DE6AB8F6-D265-4FBA-9460-31C8E3DD8B25} = {B8364776-3F7B-4943-B86A-4B328C8D38CC}
		{413D11EF-636D-445A-A0BF-B916CA255706} = {B8364776-3F7B-4943-B86A-4B328C8D38CC}
	EndGlobalSection
	GlobalSection(ExtensibilityGlobals) = postSolution
		SolutionGuid = {DDB64471-AB1C-4808-999B-B24B48524268}
	EndGlobalSection
EndGlobal
